
Microsoft Visual Studio Solution File, Format Version 12.00
# Visual Studio 15
Project("{FAE04EC0-301F-11D3-BF4B-00C04F79EFBC}") = "CryptoStadiumTeaser", "Assembly-CSharp.csproj", "{3A84780B-D4DC-A13E-724F-DE1BF3A5D610}"
EndProject
Project("{FAE04EC0-301F-11D3-BF4B-00C04F79EFBC}") = "CryptoStadiumTeaser", "Assembly-CSharp-Editor.csproj", "{E0C6FDD9-8D41-1E1D-4D7D-3209C2B8A849}"
EndProject
Global
	GlobalSection(SolutionConfigurationPlatforms) = preSolution
		Debug|Any CPU = Debug|Any CPU
		Release|Any CPU = Release|Any CPU
	EndGlobalSection
	GlobalSection(ProjectConfigurationPlatforms) = postSolution
		{3A84780B-D4DC-A13E-724F-DE1BF3A5D610}.Debug|Any CPU.ActiveCfg = Debug|Any CPU
		{3A84780B-D4DC-A13E-724F-DE1BF3A5D610}.Debug|Any CPU.Build.0 = Debug|Any CPU
		{3A84780B-D4DC-A13E-724F-DE1BF3A5D610}.Release|Any CPU.ActiveCfg = Release|Any CPU
		{3A84780B-D4DC-A13E-724F-DE1BF3A5D610}.Release|Any CPU.Build.0 = Release|Any CPU
		{E0C6FDD9-8D41-1E1D-4D7D-3209C2B8A849}.Debug|Any CPU.ActiveCfg = Debug|Any CPU
		{E0C6FDD9-8D41-1E1D-4D7D-3209C2B8A849}.Debug|Any CPU.Build.0 = Debug|Any CPU
		{E0C6FDD9-8D41-1E1D-4D7D-3209C2B8A849}.Release|Any CPU.ActiveCfg = Release|Any CPU
		{E0C6FDD9-8D41-1E1D-4D7D-3209C2B8A849}.Release|Any CPU.Build.0 = Release|Any CPU
	EndGlobalSection
	GlobalSection(SolutionProperties) = preSolution
		HideSolutionNode = FALSE
	EndGlobalSection
EndGlobal
